// !$*UTF8*$!
{
	archiveVersion = 1;
	classes = {
	};
	objectVersion = 56;
	objects = {

/* Begin PBXBuildFile section */
		428600DD2AE2802700090387 /* Infinite_CarouselApp.swift in Sources */ = {isa = PBXBuildFile; fileRef = 428600DC2AE2802700090387 /* Infinite_CarouselApp.swift */; };
		428600DF2AE2802700090387 /* ContentView.swift in Sources */ = {isa = PBXBuildFile; fileRef = 428600DE2AE2802700090387 /* ContentView.swift */; };
		428600E12AE2802A00090387 /* Assets.xcassets in Resources */ = {isa = PBXBuildFile; fileRef = 428600E02AE2802A00090387 /* Assets.xcassets */; };
		428600E42AE2802A00090387 /* Preview Assets.xcassets in Resources */ = {isa = PBXBuildFile; fileRef = 428600E32AE2802A00090387 /* Preview Assets.xcassets */; };
		428600EC2AE2806000090387 /* Home.swift in Sources */ = {isa = PBXBuildFile; fileRef = 428600EB2AE2806000090387 /* Home.swift */; };
		428600EF2AE2816D00090387 /* Page.swift in Sources */ = {isa = PBXBuildFile; fileRef = 428600EE2AE2816D00090387 /* Page.swift */; };
		428600F22AE28A7C00090387 /* OffsetKey.swift in Sources */ = {isa = PBXBuildFile; fileRef = 428600F12AE28A7C00090387 /* OffsetKey.swift */; };
/* End PBXBuildFile section */

/* Begin PBXFileReference section */
		428600D92AE2802700090387 /* Infinite_Carousel.app */ = {isa = PBXFileReference; explicitFileType = wrapper.application; includeInIndex = 0; path = Infinite_Carousel.app; sourceTree = BUILT_PRODUCTS_DIR; };
		428600DC2AE2802700090387 /* Infinite_CarouselApp.swift */ = {isa = PBXFileReference; lastKnownFileType = sourcecode.swift; path = Infinite_CarouselApp.swift; sourceTree = "<group>"; };
		428600DE2AE2802700090387 /* ContentView.swift */ = {isa = PBXFileReference; lastKnownFileType = sourcecode.swift; path = ContentView.swift; sourceTree = "<group>"; };
		428600E02AE2802A00090387 /* Assets.xcassets */ = {isa = PBXFileReference; lastKnownFileType = folder.assetcatalog; path = Assets.xcassets; sourceTree = "<group>"; };
		428600E32AE2802A00090387 /* Preview Assets.xcassets */ = {isa = PBXFileReference; lastKnownFileType = folder.assetcatalog; path = "Preview Assets.xcassets"; sourceTree = "<group>"; };
		428600EB2AE2806000090387 /* Home.swift */ = {isa = PBXFileReference; lastKnownFileType = sourcecode.swift; path = Home.swift; sourceTree = "<group>"; };
		428600EE2AE2816D00090387 /* Page.swift */ = {isa = PBXFileReference; lastKnownFileType = sourcecode.swift; path = Page.swift; sourceTree = "<group>"; };
		428600F12AE28A7C00090387 /* OffsetKey.swift */ = {isa = PBXFileReference; lastKnownFileType = sourcecode.swift; path = OffsetKey.swift; sourceTree = "<group>"; };
/* End PBXFileReference section */

/* Begin PBXFrameworksBuildPhase section */
		428600D62AE2802700090387 /* Frameworks */ = {
			isa = PBXFrameworksBuildPhase;
			buildActionMask = 2147483647;
			files = (
			);
			runOnlyForDeploymentPostprocessing = 0;
		};
/* End PBXFrameworksBuildPhase section */

/* Begin PBXGroup section */
		428600D02AE2802700090387 = {
			isa = PBXGroup;
			children = (
				428600DB2AE2802700090387 /* Infinite_Carousel */,
				428600DA2AE2802700090387 /* Products */,
			);
			sourceTree = "<group>";
		};
		428600DA2AE2802700090387 /* Products */ = {
			isa = PBXGroup;
			children = (
				428600D92AE2802700090387 /* Infinite_Carousel.app */,
			);
			name = Products;
			sourceTree = "<group>";
		};
		428600DB2AE2802700090387 /* Infinite_Carousel */ = {
			isa = PBXGroup;
			children = (
				428600F02AE28A6900090387 /* Helpers */,
				428600ED2AE2815C00090387 /* Model */,
				428600EA2AE2804C00090387 /* View */,
				428600DC2AE2802700090387 /* Infinite_CarouselApp.swift */,
				428600DE2AE2802700090387 /* ContentView.swift */,
				428600E02AE2802A00090387 /* Assets.xcassets */,
				428600E22AE2802A00090387 /* Preview Content */,
			);
			path = Infinite_Carousel;
			sourceTree = "<group>";
		};
		428600E22AE2802A00090387 /* Preview Content */ = {
			isa = PBXGroup;
			children = (
				428600E32AE2802A00090387 /* Preview Assets.xcassets */,
			);
			path = "Preview Content";
			sourceTree = "<group>";
		};
		428600EA2AE2804C00090387 /* View */ = {
			isa = PBXGroup;
			children = (
				428600EB2AE2806000090387 /* Home.swift */,
			);
			path = View;
			sourceTree = "<group>";
		};
		428600ED2AE2815C00090387 /* Model */ = {
			isa = PBXGroup;
			children = (
				428600EE2AE2816D00090387 /* Page.swift */,
			);
			path = Model;
			sourceTree = "<group>";
		};
		428600F02AE28A6900090387 /* Helpers */ = {
			isa = PBXGroup;
			children = (
				428600F12AE28A7C00090387 /* OffsetKey.swift */,
			);
			path = Helpers;
			sourceTree = "<group>";
		};
/* End PBXGroup section */

/* Begin PBXNativeTarget section */
		428600D82AE2802700090387 /* Infinite_Carousel */ = {
			isa = PBXNativeTarget;
			buildConfigurationList = 428600E72AE2802A00090387 /* Build configuration list for PBXNativeTarget "Infinite_Carousel" */;
			buildPhases = (
				428600D52AE2802700090387 /* Sources */,
				428600D62AE2802700090387 /* Frameworks */,
				428600D72AE2802700090387 /* Resources */,
			);
			buildRules = (
			);
			dependencies = (
			);
			name = Infinite_Carousel;
			productName = Infinite_Carousel;
			productReference = 428600D92AE2802700090387 /* Infinite_Carousel.app */;
			productType = "com.apple.product-type.application";
		};
/* End PBXNativeTarget section */

/* Begin PBXProject section */
		428600D12AE2802700090387 /* Project object */ = {
			isa = PBXProject;
			attributes = {
				BuildIndependentTargetsInParallel = 1;
				LastSwiftUpdateCheck = 1500;
				LastUpgradeCheck = 1500;
				TargetAttributes = {
					428600D82AE2802700090387 = {
						CreatedOnToolsVersion = 15.0;
					};
				};
			};
			buildConfigurationList = 428600D42AE2802700090387 /* Build configuration list for PBXProject "Infinite_Carousel" */;
			compatibilityVersion = "Xcode 14.0";
			developmentRegion = en;
			hasScannedForEncodings = 0;
			knownRegions = (
				en,
				Base,
			);
			mainGroup = 428600D02AE2802700090387;
			productRefGroup = 428600DA2AE2802700090387 /* Products */;
			projectDirPath = "";
			projectRoot = "";
			targets = (
				428600D82AE2802700090387 /* Infinite_Carousel */,
			);
		};
/* End PBXProject section */

/* Begin PBXResourcesBuildPhase section */
		428600D72AE2802700090387 /* Resources */ = {
			isa = PBXResourcesBuildPhase;
			buildActionMask = 2147483647;
			files = (
				428600E42AE2802A00090387 /* Preview Assets.xcassets in Resources */,
				428600E12AE2802A00090387 /* Assets.xcassets in Resources */,
			);
			runOnlyForDeploymentPostprocessing = 0;
		};
/* End PBXResourcesBuildPhase section */

/* Begin PBXSourcesBuildPhase section */
		428600D52AE2802700090387 /* Sources */ = {
			isa = PBXSourcesBuildPhase;
			buildActionMask = 2147483647;
			files = (
				428600DF2AE2802700090387 /* ContentView.swift in Sources */,
				428600F22AE28A7C00090387 /* OffsetKey.swift in Sources */,
				428600EC2AE2806000090387 /* Home.swift in Sources */,
				428600EF2AE2816D00090387 /* Page.swift in Sources */,
				428600DD2AE2802700090387 /* Infinite_CarouselApp.swift in Sources */,
			);
			runOnlyForDeploymentPostprocessing = 0;
		};
/* End PBXSourcesBuildPhase section */

/* Begin XCBuildConfiguration section */
		428600E52AE2802A00090387 /* Debug */ = {
			isa = XCBuildConfiguration;
			buildSettings = {
				ALWAYS_SEARCH_USER_PATHS = NO;
				ASSETCATALOG_COMPILER_GENERATE_SWIFT_ASSET_SYMBOL_EXTENSIONS = YES;
				CLANG_ANALYZER_NONNULL = YES;
				CLANG_ANALYZER_NUMBER_OBJECT_CONVERSION = YES_AGGRESSIVE;
				CLANG_CXX_LANGUAGE_STANDARD = "gnu++20";
				CLANG_ENABLE_MODULES = YES;
				CLANG_ENABLE_OBJC_ARC = YES;
				CLANG_ENABLE_OBJC_WEAK = YES;
				CLANG_WARN_BLOCK_CAPTURE_AUTORELEASING = YES;
				CLANG_WARN_BOOL_CONVERSION = YES;
				CLANG_WARN_COMMA = YES;
				CLANG_WARN_CONSTANT_CONVERSION = YES;
				CLANG_WARN_DEPRECATED_OBJC_IMPLEMENTATIONS = YES;
				CLANG_WARN_DIRECT_OBJC_ISA_USAGE = YES_ERROR;
				CLANG_WARN_DOCUMENTATION_COMMENTS = YES;
				CLANG_WARN_EMPTY_BODY = YES;
				CLANG_WARN_ENUM_CONVERSION = YES;
				CLANG_WARN_INFINITE_RECURSION = YES;
				CLANG_WARN_INT_CONVERSION = YES;
				CLANG_WARN_NON_LITERAL_NULL_CONVERSION = YES;
				CLANG_WARN_OBJC_IMPLICIT_RETAIN_SELF = YES;
				CLANG_WARN_OBJC_LITERAL_CONVERSION = YES;
				CLANG_WARN_OBJC_ROOT_CLASS = YES_ERROR;
				CLANG_WARN_QUOTED_INCLUDE_IN_FRAMEWORK_HEADER = YES;
				CLANG_WARN_RANGE_LOOP_ANALYSIS = YES;
				CLANG_WARN_STRICT_PROTOTYPES = YES;
				CLANG_WARN_SUSPICIOUS_MOVE = YES;
				CLANG_WARN_UNGUARDED_AVAILABILITY = YES_AGGRESSIVE;
				CLANG_WARN_UNREACHABLE_CODE = YES;
				CLANG_WARN__DUPLICATE_METHOD_MATCH = YES;
				COPY_PHASE_STRIP = NO;
				DEBUG_INFORMATION_FORMAT = dwarf;
				ENABLE_STRICT_OBJC_MSGSEND = YES;
				ENABLE_TESTABILITY = YES;
				ENABLE_USER_SCRIPT_SANDBOXING = YES;
				GCC_C_LANGUAGE_STANDARD = gnu17;
				GCC_DYNAMIC_NO_PIC = NO;
				GCC_NO_COMMON_BLOCKS = YES;
				GCC_OPTIMIZATION_LEVEL = 0;
				GCC_PREPROCESSOR_DEFINITIONS = (
					"DEBUG=1",
					"$(inherited)",
				);
				GCC_WARN_64_TO_32_BIT_CONVERSION = YES;
				GCC_WARN_ABOUT_RETURN_TYPE = YES_ERROR;
				GCC_WARN_UNDECLARED_SELECTOR = YES;
				GCC_WARN_UNINITIALIZED_AUTOS = YES_AGGRESSIVE;
				GCC_WARN_UNUSED_FUNCTION = YES;
				GCC_WARN_UNUSED_VARIABLE = YES;
				IPHONEOS_DEPLOYMENT_TARGET = 17.0;
				LOCALIZATION_PREFERS_STRING_CATALOGS = YES;
				MTL_ENABLE_DEBUG_INFO = INCLUDE_SOURCE;
				MTL_FAST_MATH = YES;
				ONLY_ACTIVE_ARCH = YES;
				SDKROOT = iphoneos;
				SWIFT_ACTIVE_COMPILATION_CONDITIONS = "DEBUG $(inherited)";
				SWIFT_OPTIMIZATION_LEVEL = "-Onone";
			};
			name = Debug;
		};
		428600E62AE2802A00090387 /* Release */ = {
			isa = XCBuildConfiguration;
			buildSettings = {
				ALWAYS_SEARCH_USER_PATHS = NO;
				ASSETCATALOG_COMPILER_GENERATE_SWIFT_ASSET_SYMBOL_EXTENSIONS = YES;
				CLANG_ANALYZER_NONNULL = YES;
				CLANG_ANALYZER_NUMBER_OBJECT_CONVERSION = YES_AGGRESSIVE;
				CLANG_CXX_LANGUAGE_STANDARD = "gnu++20";
				CLANG_ENABLE_MODULES = YES;
				CLANG_ENABLE_OBJC_ARC = YES;
				CLANG_ENABLE_OBJC_WEAK = YES;
				CLANG_WARN_BLOCK_CAPTURE_AUTORELEASING = YES;
				CLANG_WARN_BOOL_CONVERSION = YES;
				CLANG_WARN_COMMA = YES;
				CLANG_WARN_CONSTANT_CONVERSION = YES;
				CLANG_WARN_DEPRECATED_OBJC_IMPLEMENTATIONS = YES;
				CLANG_WARN_DIRECT_OBJC_ISA_USAGE = YES_ERROR;
				CLANG_WARN_DOCUMENTATION_COMMENTS = YES;
				CLANG_WARN_EMPTY_BODY = YES;
				CLANG_WARN_ENUM_CONVERSION = YES;
				CLANG_WARN_INFINITE_RECURSION = YES;
				CLANG_WARN_INT_CONVERSION = YES;
				CLANG_WARN_NON_LITERAL_NULL_CONVERSION = YES;
				CLANG_WARN_OBJC_IMPLICIT_RETAIN_SELF = YES;
				CLANG_WARN_OBJC_LITERAL_CONVERSION = YES;
				CLANG_WARN_OBJC_ROOT_CLASS = YES_ERROR;
				CLANG_WARN_QUOTED_INCLUDE_IN_FRAMEWORK_HEADER = YES;
				CLANG_WARN_RANGE_LOOP_ANALYSIS = YES;
				CLANG_WARN_STRICT_PROTOTYPES = YES;
				CLANG_WARN_SUSPICIOUS_MOVE = YES;
				CLANG_WARN_UNGUARDED_AVAILABILITY = YES_AGGRESSIVE;
				CLANG_WARN_UNREACHABLE_CODE = YES;
				CLANG_WARN__DUPLICATE_METHOD_MATCH = YES;
				COPY_PHASE_STRIP = NO;
				DEBUG_INFORMATION_FORMAT = "dwarf-with-dsym";
				ENABLE_NS_ASSERTIONS = NO;
				ENABLE_STRICT_OBJC_MSGSEND = YES;
				ENABLE_USER_SCRIPT_SANDBOXING = YES;
				GCC_C_LANGUAGE_STANDARD = gnu17;
				GCC_NO_COMMON_BLOCKS = YES;
				GCC_WARN_64_TO_32_BIT_CONVERSION = YES;
				GCC_WARN_ABOUT_RETURN_TYPE = YES_ERROR;
				GCC_WARN_UNDECLARED_SELECTOR = YES;
				GCC_WARN_UNINITIALIZED_AUTOS = YES_AGGRESSIVE;
				GCC_WARN_UNUSED_FUNCTION = YES;
				GCC_WARN_UNUSED_VARIABLE = YES;
				IPHONEOS_DEPLOYMENT_TARGET = 17.0;
				LOCALIZATION_PREFERS_STRING_CATALOGS = YES;
				MTL_ENABLE_DEBUG_INFO = NO;
				MTL_FAST_MATH = YES;
				SDKROOT = iphoneos;
				SWIFT_COMPILATION_MODE = wholemodule;
				VALIDATE_PRODUCT = YES;
			};
			name = Release;
		};
		428600E82AE2802A00090387 /* Debug */ = {
			isa = XCBuildConfiguration;
			buildSettings = {
				ASSETCATALOG_COMPILER_APPICON_NAME = AppIcon;
				ASSETCATALOG_COMPILER_GLOBAL_ACCENT_COLOR_NAME = AccentColor;
				CODE_SIGN_STYLE = Automatic;
				CURRENT_PROJECT_VERSION = 1;
				DEVELOPMENT_ASSET_PATHS = "\"Infinite_Carousel/Preview Content\"";
				DEVELOPMENT_TEAM = 87NW43K2L2;
				ENABLE_PREVIEWS = YES;
				GENERATE_INFOPLIST_FILE = YES;
				INFOPLIST_KEY_UIApplicationSceneManifest_Generation = YES;
				INFOPLIST_KEY_UIApplicationSupportsIndirectInputEvents = YES;
				INFOPLIST_KEY_UILaunchScreen_Generation = YES;
				INFOPLIST_KEY_UISupportedInterfaceOrientations_iPad = "UIInterfaceOrientationPortrait UIInterfaceOrientationPortraitUpsideDown UIInterfaceOrientationLandscapeLeft UIInterfaceOrientationLandscapeRight";
				INFOPLIST_KEY_UISupportedInterfaceOrientations_iPhone = "UIInterfaceOrientationPortrait UIInterfaceOrientationLandscapeLeft UIInterfaceOrientationLandscapeRight";
				LD_RUNPATH_SEARCH_PATHS = (
					"$(inherited)",
					"@executable_path/Frameworks",
				);
				MARKETING_VERSION = 1.0;
				PRODUCT_BUNDLE_IDENTIFIER = "comvigneshzx.Infinite-Carousel";
				PRODUCT_NAME = "$(TARGET_NAME)";
				SWIFT_EMIT_LOC_STRINGS = YES;
				SWIFT_VERSION = 5.0;
				TARGETED_DEVICE_FAMILY = "1,2";
			};
			name = Debug;
		};
		428600E92AE2802A00090387 /* Release */ = {
			isa = XCBuildConfiguration;
			buildSettings = {
				ASSETCATALOG_COMPILER_APPICON_NAME = AppIcon;
				ASSETCATALOG_COMPILER_GLOBAL_ACCENT_COLOR_NAME = AccentColor;
				CODE_SIGN_STYLE = Automatic;
				CURRENT_PROJECT_VERSION = 1;
				DEVELOPMENT_ASSET_PATHS = "\"Infinite_Carousel/Preview Content\"";
				DEVELOPMENT_TEAM = 87NW43K2L2;
				ENABLE_PREVIEWS = YES;
				GENERATE_INFOPLIST_FILE = YES;
				INFOPLIST_KEY_UIApplicationSceneManifest_Generation = YES;
				INFOPLIST_KEY_UIApplicationSupportsIndirectInputEvents = YES;
				INFOPLIST_KEY_UILaunchScreen_Generation = YES;
				INFOPLIST_KEY_UISupportedInterfaceOrientations_iPad = "UIInterfaceOrientationPortrait UIInterfaceOrientationPortraitUpsideDown UIInterfaceOrientationLandscapeLeft UIInterfaceOrientationLandscapeRight";
				INFOPLIST_KEY_UISupportedInterfaceOrientations_iPhone = "UIInterfaceOrientationPortrait UIInterfaceOrientationLandscapeLeft UIInterfaceOrientationLandscapeRight";
				LD_RUNPATH_SEARCH_PATHS = (
					"$(inherited)",
					"@executable_path/Frameworks",
				);
				MARKETING_VERSION = 1.0;
				PRODUCT_BUNDLE_IDENTIFIER = "comvigneshzx.Infinite-Carousel";
				PRODUCT_NAME = "$(TARGET_NAME)";
				SWIFT_EMIT_LOC_STRINGS = YES;
				SWIFT_VERSION = 5.0;
				TARGETED_DEVICE_FAMILY = "1,2";
			};
			name = Release;
		};
/* End XCBuildConfiguration section */

/* Begin XCConfigurationList section */
		428600D42AE2802700090387 /* Build configuration list for PBXProject "Infinite_Carousel" */ = {
			isa = XCConfigurationList;
			buildConfigurations = (
				428600E52AE2802A00090387 /* Debug */,
				428600E62AE2802A00090387 /* Release */,
			);
			defaultConfigurationIsVisible = 0;
			defaultConfigurationName = Release;
		};
		428600E72AE2802A00090387 /* Build configuration list for PBXNativeTarget "Infinite_Carousel" */ = {
			isa = XCConfigurationList;
			buildConfigurations = (
				428600E82AE2802A00090387 /* Debug */,
				428600E92AE2802A00090387 /* Release */,
			);
			defaultConfigurationIsVisible = 0;
			defaultConfigurationName = Release;
		};
/* End XCConfigurationList section */
	};
	rootObject = 428600D12AE2802700090387 /* Project object */;
}
